version = 1
revision = 3
requires-python = ">=3.10"

[[package]]
name = "boto3"
version = "1.43.51"
source = { registry = "https://pypi.org/simple" }
dependencies = [
    { name = "botocore" },
    { name = "jmespath" },
    { name = "s3transfer" },
]
sdist = { url = "https://files.pythonhosted.org/packages/a2/4f/b93620c09e81b8dd28558e73862d7b61f938c5a9db9366fab4b0bb53512f/boto3-1.43.51.tar.gz", hash = "sha256:b5a416cc703db73b69b22bef563c89c1fb14a4b10a93628d3c7abc4dd1aaf979", size = 112649, upload-time = "2026-07-17T19:33:23.358Z" }
wheels = [
    { url = "https://files.pythonhosted.org/packages/85/7e/86204db9235f08e051a83e039ec5af209211e3ac51ed3644c4350c150b72/boto3-1.43.51-py3-none-any.whl", hash = "sha256:a97057bb609fd38c80448db6a93db770786775dabd651401debf09816d4553d7", size = 140030, upload-time = "2026-07-17T19:33:21.381Z" },
]

[[package]]
name = "botocore"
version = "1.43.51"
source = { registry = "https://pypi.org/simple" }
dependencies = [
    { name = "jmespath" },
    { name = "python-dateutil" },
    { name = "urllib3" },
]
sdist = { url = "https://files.pythonhosted.org/packages/e6/f5/5a6b4fe037ba689fd4a9eaf31af8b681e4c1eb82debc470d18dec99eac62/botocore-1.43.51.tar.gz", hash = "sha256:e0e5e88585fdb01dcb6b533ac2dd3f18d5d45092a14ccbfd330e3576a4152128", size = 15713861, upload-time = "2026-07-17T19:33:12.101Z" }
wheels = [
    { url = "https://files.pythonhosted.org/packages/38/ca/9080b2f261ad9209e4d790b4282951df46274f786edb5c416a27fb18f4c6/botocore-1.43.51-py3-none-any.whl", hash = "sha256:7c2c538c932bddc95834e177ce6f91dcc388c6a7934b4f8d0db13caa30e3e543", size = 15399252, upload-time = "2026-07-17T19:33:08.808Z" },
]

[[package]]
name = "duckdb"
version = "1.5.5"
source = { registry = "https://pypi.org/simple" }
sdist = { url = "https://files.pythonhosted.org/packages/7d/19/e57151753576373c6696a12022648546cca6038e8833fda2908ee2342d9b/duckdb-1.5.5.tar.gz", hash = "sha256:72f33ee57ca7595b23957671a2cc7f7fe2be0ecc2d68f63abedcfcaa3a5c1238", size = 18066741, upload-time = "2026-07-22T10:55:17.819Z" }
wheels = [
    { url = "https://files.pythonhosted.org/packages/52/d4/298acf9331a80b3ce6ac64dd940e7e13f4058fb69d18914445f02e3c7bfe/duckdb-1.5.5-cp310-cp310-macosx_10_9_universal2.whl", hash = "sha256:3b805507f88171b428b21c966c30e9a3d54e30b24528918a44ed0032542bc26f", size = 32702934, upload-time = "2026-07-22T10:53:19.069Z" },
    { url = "https://files.pythonhosted.org/packages/d5/90/c489fb63d64b2e7ee109ce8460bdede003a0f256e5b41a03a2a1c4764058/duckdb-1.5.5-cp310-cp310-macosx_10_9_x86_64.whl", hash = "sha256:b08e19cc856220d8a26fa62abc2264b349aff67255e9373c6a3f607addd56dc6", size = 17343604, upload-time = "2026-07-22T10:53:22.767Z" },
    { url = "https://files.pythonhosted.org/packages/0b/27/effa80a15b1f0c61c235622f797868485359e8c9ad6a8e358e7a0c479151/duckdb-1.5.5-cp310-cp310-macosx_11_0_arm64.whl", hash = "sha256:a17e6a922e42a5c06ed2353fe78c5dff2610f6632d603836f9606ad0bf754079", size = 15488179, upload-time = "2026-07-22T10:53:25.945Z" },
    { url = "https://files.pythonhosted.org/packages/5d/07/21212345c8d24ba62dceaa20be3b21f5c46f1510b1b42ce93bb058afe0c4/duckdb-1.5.5-cp310-cp310-manylinux_2_26_aarch64.manylinux_2_28_aarch64.whl", hash = "sha256:1bdc38922c365c37720149f90d90b1e9823eb82dad6830855b5f87537fa6fc0c", size = 19367323, upload-time = "2026-07-22T10:53:30.23Z" },
    { url = "https://files.pythonhosted.org/packages/3f/d0/10371ae875fb4b5ef61bb892743b4b2e90c512b371fdf29317deb744857d/duckdb-1.5.5-cp310-cp310-manylinux_2_26_x86_64.manylinux_2_28_x86_64.whl", hash = "sha256:e238060db5ca59879882a6e9b015e2c65d5c64ddf281ba1d7a9a2033764152cf", size = 21476568, upload-time = "2026-07-22T10:53:33.486Z" },
    { url = "https://files.pythonhosted.org/packages/b2/35/09568ce617dd7bc0757b3d7b6a981660b9e4f0b7594de8ed776755eae740/duckdb-1.5.5-cp310-cp310-win_amd64.whl", hash = "sha256:4acc72798ba1885a9c17d1242903d2cd502f13b1271c7677f7cab25d8578eceb", size = 13156129, upload-time = "2026-07-22T10:53:37.55Z" },
    { url = "https://files.pythonhosted.org/packages/9c/c2/b62ec24d57bb8df4e24b0b58f7f8facb32f5fdb9f1895aed9e9fcdded168/duckdb-1.5.5-cp311-cp311-macosx_10_9_universal2.whl", hash = "sha256:1b543841b0ae18a9c982345cfa3987e9c065d3a4b0f067daa473d92d1e65f528", size = 32708371, upload-time = "2026-07-22T10:53:41.642Z" },
    { url = "https://files.pythonhosted.org/packages/8a/ce/769171ba45f0b73632dc3bc3108d891e81dd6c6bbfba630a34a75b4dcc0f/duckdb-1.5.5-cp311-cp311-macosx_10_9_x86_64.whl", hash = "sha256:1a925d06c2a4c3b64553d6cc1aced5028d376d4479bed689a7d47e9b1dccd80a", size = 17343979, upload-time = "2026-07-22T10:53:44.951Z" },
    { url = "https://files.pythonhosted.org/packages/46/59/a8e3384ee916e00d5dcf985194c1511d61978540778a1e96fa47f9fb3e0d/duckdb-1.5.5-cp311-cp311-macosx_11_0_arm64.whl", hash = "sha256:0c42757cb34722144bd4dfb94b6f336339e7b2468f6813fa7fa9a319ba07bab4", size = 15493704, upload-time = "2026-07-22T10:53:47.912Z" },
    { url = "https://files.pythonhosted.org/packages/6f/1d/9840179c2607b90523a2884a129c4d4e6dbdc1178ba62a976c1043beba88/duckdb-1.5.5-cp311-cp311-manylinux_2_26_aarch64.manylinux_2_28_aarch64.whl", hash = "sha256:2e72f9e1a4f90a5c8483ad4d540e495bf0834ba61c360b52499a573d7ed62a3f", size = 19366574, upload-time = "2026-07-22T10:53:51.876Z" },
    { url = "https://files.pythonhosted.org/packages/b5/55/f9641a4eebcc2f4df631287d6c3b9ed2eea3b92644f93acbad825e3972b6/duckdb-1.5.5-cp311-cp311-manylinux_2_26_x86_64.manylinux_2_28_x86_64.whl", hash = "sha256:b9b6f86ed85d4ef5e0211eaebf75d057bd8bb520bba438a95dd0f4e42234bbfe", size = 21477952, upload-time = "2026-07-22T10:53:55.575Z" },
    { url = "https://files.pythonhosted.org/packages/3c/3a/07c3556e37a5c97b95917b029c8fdde4a25fbd76a660bacdac195cf20dcb/duckdb-1.5.5-cp311-cp311-win_amd64.whl", hash = "sha256:9f4287f97ccf0c1f3d471e7115be2b067cbf99627e2d34bffd462dd64703cddc", size = 13156986, upload-time = "2026-07-22T10:53:58.823Z" },
    { url = "https://files.pythonhosted.org/packages/4f/ff/07b48eef2078ca033847e9caa46cc7633b714c5f91ad1ce091c8ca89d792/duckdb-1.5.5-cp311-cp311-win_arm64.whl", hash = "sha256:179633a3fc6296c75d57c69c1e239fa9e5cdcb670fd1dbff88a02663f932905c", size = 14001317, upload-time = "2026-07-22T10:54:01.724Z" },
    { url = "https://files.pythonhosted.org/packages/d6/40/2e05d324400fdaa5656c9f48d6298da421cb034d85e509fa0e6e325cf04b/duckdb-1.5.5-cp312-cp312-macosx_10_13_universal2.whl", hash = "sha256:d4dd65f8941a604b947e0b9b4b4f7165988e29a23ec0b69b4038520956d9933e", size = 32753858, upload-time = "2026-07-22T10:54:05.514Z" },
    { url = "https://files.pythonhosted.org/packages/79/15/5ceb58ffb5bb8a62b3fd7abb39c41467cdf94850ece02e6d88664dfc75ce/duckdb-1.5.5-cp312-cp312-macosx_10_13_x86_64.whl", hash = "sha256:33db46679b071f108d57139493dee2d37e1f5efcf5c5c039c2969eed11a6c8a7", size = 17368293, upload-time = "2026-07-22T10:54:09.139Z" },
    { url = "https://files.pythonhosted.org/packages/bf/5c/bf02da0b354fe83cca4f95a4fbf762181af466f7d551ab2a093f7698882a/duckdb-1.5.5-cp312-cp312-macosx_11_0_arm64.whl", hash = "sha256:f0b88535a5d86fdd63dba6ea02ab68c003dfb9e4892b11256ef24c4da208baae", size = 15509131, upload-time = "2026-07-22T10:54:12.228Z" },
    { url = "https://files.pythonhosted.org/packages/ea/a9/5f1f09da421d8e930e0b063d11c1b3f90363f40ede74438cd188afdd13a2/duckdb-1.5.5-cp312-cp312-manylinux_2_26_aarch64.manylinux_2_28_aarch64.whl", hash = "sha256:f316eae2323d9a851883fdf2dee91c1f9efe251ab33e14a2272f82a913422ed6", size = 19391959, upload-time = "2026-07-22T10:54:15.551Z" },
    { url = "https://files.pythonhosted.org/packages/4f/98/6549769f158126fa64fd6c1ac2eb59a18282146c939867a3eb31b7c1db07/duckdb-1.5.5-cp312-cp312-manylinux_2_26_x86_64.manylinux_2_28_x86_64.whl", hash = "sha256:7a6d2d11859d82a936ebdcb30ce3d8a1cbb3e990bff05c12abb9b54c44fa7bd1", size = 21510909, upload-time = "2026-07-22T10:54:19.681Z" },
    { url = "https://files.pythonhosted.org/packages/af/b7/5753b41d3124838f868f9f523362812d9fc45409e9e4dd70dcbb0a25826e/duckdb-1.5.5-cp312-cp312-win_amd64.whl", hash = "sha256:ddfbdb096c11d51ee22492397d342c90a82e62c5d09961477895934d0a25372f", size = 13168544, upload-time = "2026-07-22T10:54:22.789Z" },
    { url = "https://files.pythonhosted.org/packages/5c/28/44b679c7d46245f8398feae7edac959d1b83d4eb143e25b3fce0630b78bd/duckdb-1.5.5-cp312-cp312-win_arm64.whl", hash = "sha256:2725d2b9ace3a4e75d72fc5a239f6a44b502c580edadb8fb2676db772c5f9282", size = 13988684, upload-time = "2026-07-22T10:54:26.003Z" },
    { url = "https://files.pythonhosted.org/packages/47/37/4a38116e7700720fd152c666292214fd3abdf916496991296d8d1f66efbf/duckdb-1.5.5-cp313-cp313-macosx_10_13_universal2.whl", hash = "sha256:cd98829b67788609017e65c761bd42a5dd0f9129441bed8bda4d6881ccf819f0", size = 32754294, upload-time = "2026-07-22T10:54:29.822Z" },
    { url = "https://files.pythonhosted.org/packages/66/42/7d392f1ba1eee0eaf4ab4c8c7a604bfe3536cd63f979cf5c98798664f807/duckdb-1.5.5-cp313-cp313-macosx_10_13_x86_64.whl", hash = "sha256:feead93c56679b79592d437c62975d39cb67adedffa7592c763baf8160ac7366", size = 17368211, upload-time = "2026-07-22T10:54:33.359Z" },
    { url = "https://files.pythonhosted.org/packages/9f/a5/0a6f4fa60562faa615e55e15bd1953a2f2b17a8edd8105e5cda215e43457/duckdb-1.5.5-cp313-cp313-macosx_11_0_arm64.whl", hash = "sha256:49c963d9469373d7aba8d750d9ea565ab823e94166efed953f184dd9b169b98c", size = 15509136, upload-time = "2026-07-22T10:54:36.369Z" },
    { url = "https://files.pythonhosted.org/packages/e4/cb/023c89f51978545b9fab318581bba0c457a58e7530d2d933e54ae7d8647c/duckdb-1.5.5-cp313-cp313-manylinux_2_26_aarch64.manylinux_2_28_aarch64.whl", hash = "sha256:a736217825461732b5442d05a220f3da2e23a0dae114efbf08c9bf171b53098a", size = 19392147, upload-time = "2026-07-22T10:54:39.551Z" },
    { url = "https://files.pythonhosted.org/packages/3e/c5/41bef391fb8b23dbc133c9f2ba016e7a7a8124513d2cc1b430f1897d87e4/duckdb-1.5.5-cp313-cp313-manylinux_2_26_x86_64.manylinux_2_28_x86_64.whl", hash = "sha256:078e6a60dd8eedde5832f45422ca5c4a6b8c837aeabd8a56ca0b7d933f588053", size = 21511060, upload-time = "2026-07-22T10:54:42.788Z" },
    { url = "https://files.pythonhosted.org/packages/07/9f/c44dfc1f924ac29b3252dc1b91393c01d009dbfe9f8ed33f10b986151bd1/duckdb-1.5.5-cp313-cp313-win_amd64.whl", hash = "sha256:6826504277dba513c0c5d71d828456c94d729c9d2482f94b2e289f90a9167e28", size = 13168028, upload-time = "2026-07-22T10:54:46.127Z" },
    { url = "https://files.pythonhosted.org/packages/ca/88/591384b2cd59abddd6f5dc175e60374f9abae6064429f0c4402854c10f44/duckdb-1.5.5-cp313-cp313-win_arm64.whl", hash = "sha256:baa9c5702002fabb559ded2a39008f9f421fcbc7237d388b8213eff1e08858de", size = 13989955, upload-time = "2026-07-22T10:54:49.262Z" },
    { url = "https://files.pythonhosted.org/packages/3e/56/12c65bfa2d2605b81981b264788891bcf11ec72227889554cead5d8d13b9/duckdb-1.5.5-cp314-cp314-macosx_10_15_universal2.whl", hash = "sha256:8e6413dd40facb7b8ab21bd844450cd8f549b29e138635be9cf090ef4d2049e2", size = 32761946, upload-time = "2026-07-22T10:54:53.412Z" },
    { url = "https://files.pythonhosted.org/packages/b9/46/682ce155f17e0d2822d4f13ee3db9ca4b5b7c2da61b841b2629035e1f4bc/duckdb-1.5.5-cp314-cp314-macosx_10_15_x86_64.whl", hash = "sha256:64078acfd16541132ac6e191eb81b2845554444a0305cc1aa581ba107e514aa8", size = 17375069, upload-time = "2026-07-22T10:54:57.269Z" },
    { url = "https://files.pythonhosted.org/packages/39/ce/a24bcbd3289c8f305a430759c5fc12242740b4af3e17f7593f3a34e333d2/duckdb-1.5.5-cp314-cp314-macosx_11_0_arm64.whl", hash = "sha256:8c11775cc99a447618d5f1840126db17f2652f3eae05529df4f81f40e2df7151", size = 15519791, upload-time = "2026-07-22T10:55:00.681Z" },
    { url = "https://files.pythonhosted.org/packages/d9/76/3a01afbc615c1d418c0de58a6b68ac5ce2a8563232c0464bfbc2ce552398/duckdb-1.5.5-cp314-cp314-manylinux_2_26_aarch64.manylinux_2_28_aarch64.whl", hash = "sha256:77bbc1e6ba12e1e06f9020117bdf848627ecfdf36f907550e62e008e6109dece", size = 19398251, upload-time = "2026-07-22T10:55:04.168Z" },
    { url = "https://files.pythonhosted.org/packages/a1/43/3a5e81d1728f4d234c79bfe385808ee7c04834f7c37a4b5c257459c25614/duckdb-1.5.5-cp314-cp314-manylinux_2_26_x86_64.manylinux_2_28_x86_64.whl", hash = "sha256:fbf0f2d48b43c6c304d00463b463c27ead6c4b01c3c1816b750f728decf71afe", size = 21513851, upload-time = "2026-07-22T10:55:07.864Z" },
    { url = "https://files.pythonhosted.org/packages/91/41/fc7c829172c60ca22485251eab285f4f1a0d87b486a024c726f21471d86e/duckdb-1.5.5-cp314-cp314-win_amd64.whl", hash = "sha256:9dc826c4b50e64f6c4e4d07a3a9cb075ef70ba3899dc43ec5493dc3d7b04b353", size = 13691858, upload-time = "2026-07-22T10:55:11.181Z" },
    { url = "https://files.pythonhosted.org/packages/e1/2c/95d9216b79e9273689d7ebce125a54503ed0c9bd7da931f0265888e99779/duckdb-1.5.5-cp314-cp314-win_arm64.whl", hash = "sha256:63e48d4b74b15aeacd688976432a7225163df8c226eddeb8536bba2d4d4ff433", size = 14470180, upload-time = "2026-07-22T10:55:14.445Z" },
]

[[package]]
name = "et-xmlfile"
version = "2.0.0"
source = { registry = "https://pypi.org/simple" }
sdist = { url = "https://files.pythonhosted.org/packages/d3/38/af70d7ab1ae9d4da450eeec1fa3918940a5fafb9055e934af8d6eb0c2313/et_xmlfile-2.0.0.tar.gz", hash = "sha256:dab3f4764309081ce75662649be815c4c9081e88f0837825f90fd28317d4da54", size = 17234, upload-time = "2024-10-25T17:25:40.039Z" }
wheels = [
    { url = "https://files.pythonhosted.org/packages/c1/8b/5fe2cc11fee489817272089c4203e679c63b570a5aaeb18d852ae3cbba6a/et_xmlfile-2.0.0-py3-none-any.whl", hash = "sha256:7a91720bc756843502c3b7504c77b8fe44217c85c537d85037f0f536151b2caa", size = 18059, upload-time = "2024-10-25T17:25:39.051Z" },
]

[[package]]
name = "jmespath"
version = "1.1.0"
source = { registry = "https://pypi.org/simple" }
sdist = { url = "https://files.pythonhosted.org/packages/d3/59/322338183ecda247fb5d1763a6cbe46eff7222eaeebafd9fa65d4bf5cb11/jmespath-1.1.0.tar.gz", hash = "sha256:472c87d80f36026ae83c6ddd0f1d05d4e510134ed462851fd5f754c8c3cbb88d", size = 27377, upload-time = "2026-01-22T16:35:26.279Z" }
wheels = [
    { url = "https://files.pythonhosted.org/packages/14/2f/967ba146e6d58cf6a652da73885f52fc68001525b4197effc174321d70b4/jmespath-1.1.0-py3-none-any.whl", hash = "sha256:a5663118de4908c91729bea0acadca56526eb2698e83de10cd116ae0f4e97c64", size = 20419, upload-time = "2026-01-22T16:35:24.919Z" },
]

[[package]]
name = "narwhals"
version = "2.24.0"
source = { registry = "https://pypi.org/simple" }
sdist = { url = "https://files.pythonhosted.org/packages/2b/1d/58946e5aab18393e793bd4add6985b95d0e01c3a2d832f38f54468b10dcd/narwhals-2.24.0.tar.gz", hash = "sha256:b5c0f684ccd9d7475b564111e319a4964abcf2baf79d3cf6b1003d06ac9b828d", size = 661143, upload-time = "2026-07-13T10:49:19.086Z" }
wheels = [
    { url = "https://files.pythonhosted.org/packages/7e/85/a5bfaebfd305ac18b57b0854d74e37e586809061a91fda62f0bd50c8518e/narwhals-2.24.0-py3-none-any.whl", hash = "sha256:42fdedf44e5b2ca7505630d45b4ac3058f38d8485cba9fe1652ca23152df7489", size = 461030, upload-time = "2026-07-13T10:49:17.571Z" },
]

[[package]]
name = "openpyxl"
version = "3.1.5"
source = { registry = "https://pypi.org/simple" }
dependencies = [
    { name = "et-xmlfile" },
]
sdist = { url = "https://files.pythonhosted.org/packages/3d/f9/88d94a75de065ea32619465d2f77b29a0469500e99012523b91cc4141cd1/openpyxl-3.1.5.tar.gz", hash = "sha256:cf0e3cf56142039133628b5acffe8ef0c12bc902d2aadd3e0fe5878dc08d1050", size = 186464, upload-time = "2024-06-28T14:03:44.161Z" }
wheels = [
    { url = "https://files.pythonhosted.org/packages/c0/da/977ded879c29cbd04de313843e76868e6e13408a94ed6b987245dc7c8506/openpyxl-3.1.5-py2.py3-none-any.whl", hash = "sha256:5282c12b107bffeef825f4617dc029afaf41d0ea60823bbb665ef3079dc79de2", size = 250910, upload-time = "2024-06-28T14:03:41.161Z" },
]

[[package]]
name = "packaging"
version = "26.2"
source = { registry = "https://pypi.org/simple" }
sdist = { url = "https://files.pythonhosted.org/packages/d7/f1/e7a6dd94a8d4a5626c03e4e99c87f241ba9e350cd9e6d75123f992427270/packaging-26.2.tar.gz", hash = "sha256:ff452ff5a3e828ce110190feff1178bb1f2ea2281fa2075aadb987c2fb221661", size = 228134, upload-time = "2026-04-24T20:15:23.917Z" }
wheels = [
    { url = "https://files.pythonhosted.org/packages/df/b2/87e62e8c3e2f4b32e5fe99e0b86d576da1312593b39f47d8ceef365e95ed/packaging-26.2-py3-none-any.whl", hash = "sha256:5fc45236b9446107ff2415ce77c807cee2862cb6fac22b8a73826d0693b0980e", size = 100195, upload-time = "2026-04-24T20:15:22.081Z" },
]

[[package]]
name = "plotly"
version = "6.9.0"
source = { registry = "https://pypi.org/simple" }
dependencies = [
    { name = "narwhals" },
    { name = "packaging" },
]
sdist = { url = "https://files.pythonhosted.org/packages/96/07/795c79dbce40c39bece88e69d049babbd23ffa95b5d117f248db8ea03abb/plotly-6.9.0.tar.gz", hash = "sha256:967ad33e8c704fed051800d11d985eb206a9c795c14206b30a6f463ed9c67d0d", size = 6919903, upload-time = "2026-07-09T14:55:59.982Z" }
wheels = [
    { url = "https://files.pythonhosted.org/packages/24/18/d8544811ab076f876c4892b3714f5b0dad335e1dc33aef826df431b8325d/plotly-6.9.0-py3-none-any.whl", hash = "sha256:36bebe2f1bb13884774fe61689c329071446f6ce4a8927fb1f0d6fb24f581236", size = 9909646, upload-time = "2026-07-09T14:55:55.421Z" },
]

[[package]]
name = "pod-cartoes"
version = "0.2.0"
source = { virtual = "." }
dependencies = [
    { name = "duckdb" },
    { name = "openpyxl" },
    { name = "plotly" },
    { name = "pyarrow" },
    { name = "pyspark" },
    { name = "python-dateutil" },
]

[package.optional-dependencies]
aws = [
    { name = "boto3" },
]

[package.metadata]
requires-dist = [
    { name = "boto3", marker = "extra == 'aws'" },
    { name = "duckdb", specifier = ">=1.5.5" },
    { name = "openpyxl", specifier = ">=3.1.5" },
    { name = "plotly", specifier = ">=6.9.0" },
    { name = "pyarrow", specifier = ">=25.0.0" },
    { name = "pyspark", specifier = ">=3.3" },
    { name = "python-dateutil" },
]
provides-extras = ["aws"]

[[package]]
name = "py4j"
version = "0.10.9.9"
source = { registry = "https://pypi.org/simple" }
sdist = { url = "https://files.pythonhosted.org/packages/38/31/0b210511177070c8d5d3059556194352e5753602fa64b85b7ab81ec1a009/py4j-0.10.9.9.tar.gz", hash = "sha256:f694cad19efa5bd1dee4f3e5270eb406613c974394035e5bfc4ec1aba870b879", size = 761089, upload-time = "2025-01-15T03:53:18.624Z" }
wheels = [
    { url = "https://files.pythonhosted.org/packages/bd/db/ea0203e495be491c85af87b66e37acfd3bf756fd985f87e46fc5e3bf022c/py4j-0.10.9.9-py2.py3-none-any.whl", hash = "sha256:c7c26e4158defb37b0bb124933163641a2ff6e3a3913f7811b0ddbe07ed61533", size = 203008, upload-time = "2025-01-15T03:53:15.648Z" },
]

[[package]]
name = "pyarrow"
version = "25.0.0"
source = { registry = "https://pypi.org/simple" }
sdist = { url = "https://files.pythonhosted.org/packages/27/f3/95428098d1fa7d04432fb750eed06b41304c2f6a5d3319985e64db2d9d41/pyarrow-25.0.0.tar.gz", hash = "sha256:d2d697008b5ec06d75952ef260c2e9a8a0f6ccfce24266c04c9c8ade927cb3b4", size = 1199181, upload-time = "2026-07-10T08:29:50.116Z" }
wheels = [
    { url = "https://files.pythonhosted.org/packages/4d/2a/eaa70e6d6ed430c2e90c0599e2831a41a50251879e44788ccdbc73115af1/pyarrow-25.0.0-cp310-cp310-macosx_12_0_arm64.whl", hash = "sha256:ce0ca222802087b9a8cb031a6468442cb6b67c290a45a601cac64753d34954d3", size = 35945551, upload-time = "2026-07-10T08:25:23.153Z" },
    { url = "https://files.pythonhosted.org/packages/df/e0/917086af6b246143012cdc8a7c886b018b53204f3d69fc5f9be5857a8b80/pyarrow-25.0.0-cp310-cp310-macosx_12_0_x86_64.whl", hash = "sha256:7d6da02ffc7a3a9bda3b7ded4cc2a27ff73969ab37153f3afd46bbbc1ba4f0f7", size = 37636698, upload-time = "2026-07-10T08:25:28.031Z" },
    { url = "https://files.pythonhosted.org/packages/68/6a/c87829f92503f84993721791c942f3d9aa81044de51a8cfb1da5810e5345/pyarrow-25.0.0-cp310-cp310-manylinux_2_28_aarch64.whl", hash = "sha256:dbf9fa5d4bde73b1cc16377dcaaa010f971e6fa7f5083f5d44f34b50bc1d74af", size = 46858364, upload-time = "2026-07-10T08:25:34.527Z" },
    { url = "https://files.pythonhosted.org/packages/cc/ba/2030d454c2747e26cce23e4a0338067ee0830a155b7894da04caa96783a5/pyarrow-25.0.0-cp310-cp310-manylinux_2_28_x86_64.whl", hash = "sha256:b72d943ff4e10fec8d48aedb23322d8f6ea8bc2d698b81db37e73730f69e4862", size = 50056398, upload-time = "2026-07-10T08:25:40.785Z" },
    { url = "https://files.pythonhosted.org/packages/78/ce/ba7a5ce7bf0cfc372ec48203a34ece42f73aa2f3231706f61c55e105ecd0/pyarrow-25.0.0-cp310-cp310-musllinux_1_2_aarch64.whl", hash = "sha256:5fb2d837960f1df7f679ff9f1a55065e306347d379e0768cebf14781254d6194", size = 49958146, upload-time = "2026-07-10T08:25:46.98Z" },
    { url = "https://files.pythonhosted.org/packages/75/eb/c34a29fb7a70dca2f903c7d85a928928ef55af20cd56e99de6b4c0d897bc/pyarrow-25.0.0-cp310-cp310-musllinux_1_2_x86_64.whl", hash = "sha256:add690feafa0953c443cdba9e9e87f5eaa198f1ea2e43a3b146ea83f202262d0", size = 53096264, upload-time = "2026-07-10T08:25:53.925Z" },
    { url = "https://files.pythonhosted.org/packages/36/f9/35b1f83a0727d84951588e4034aca2feb76dfb45b0725918c0037b0a48f7/pyarrow-25.0.0-cp310-cp310-win_amd64.whl", hash = "sha256:d293e9959b29a24c82d936d04ab2b7fd8b8d334030de2e56a99aba94f008ad7a", size = 27840572, upload-time = "2026-07-10T08:25:58.966Z" },
    { url = "https://files.pythonhosted.org/packages/a7/98/ae2b5acf9876dbeffa6f320776242c52caab062df55c8ac5501ed2679e74/pyarrow-25.0.0-cp311-cp311-macosx_12_0_arm64.whl", hash = "sha256:2e3b6544e26e393fe2cd530f523e36c1c8d3c345bbbb60cca3fd866be8322517", size = 35939080, upload-time = "2026-07-10T08:26:04.53Z" },
    { url = "https://files.pythonhosted.org/packages/80/09/3de2a968edbd496c86cb8b932cdbee2d4b08c4a28e9884a15e5c705a646b/pyarrow-25.0.0-cp311-cp311-macosx_12_0_x86_64.whl", hash = "sha256:b724d127783b4c19f088fcdfc844cbc318809246a30307bcabd5ed02045e890e", size = 37633420, upload-time = "2026-07-10T08:26:10.354Z" },
    { url = "https://files.pythonhosted.org/packages/19/86/8399243a4ce080426ec37db18d5e29148b7ec960a8a8c7f9059a7bf6ef0a/pyarrow-25.0.0-cp311-cp311-manylinux_2_28_aarch64.whl", hash = "sha256:244f98a595f70fa4fd35faa7508c4ae67e14a173397a4b3b49d2b3c360fb0062", size = 46861050, upload-time = "2026-07-10T08:26:16.397Z" },
    { url = "https://files.pythonhosted.org/packages/7b/79/72d704b02bc5fc6d06954d76a0208c1e79cad3ab370f6d6a91ffe5078870/pyarrow-25.0.0-cp311-cp311-manylinux_2_28_x86_64.whl", hash = "sha256:0222f0071d13313962a88d21bf28b80d355ac39d81bfa6ff3fe00eeaf748e4be", size = 50056458, upload-time = "2026-07-10T08:26:23.271Z" },
    { url = "https://files.pythonhosted.org/packages/06/5d/3c31a60b6403d63cad2e0f829096f5fc5763a129ead4207a5d4690b96448/pyarrow-25.0.0-cp311-cp311-musllinux_1_2_aarch64.whl", hash = "sha256:b58726f118c079f9d4ed7e904975d4f15fd69d0741ba511a4e2dcaa4ef16354f", size = 49957793, upload-time = "2026-07-10T08:26:30.232Z" },
    { url = "https://files.pythonhosted.org/packages/34/f7/8f8a019061f9863a831915329264372a87ed25eaf9109ce56eb0e84012c5/pyarrow-25.0.0-cp311-cp311-musllinux_1_2_x86_64.whl", hash = "sha256:38a2c887cb3883e241b70201688db34133b6dfadd04f03c8f9213df53770c18e", size = 53100544, upload-time = "2026-07-10T08:26:36.414Z" },
    { url = "https://files.pythonhosted.org/packages/f1/e2/738071e95c5ddad7b3dfc12f569ffa992db89d7d7b4a95258fd184191249/pyarrow-25.0.0-cp311-cp311-win_amd64.whl", hash = "sha256:161649d60a7a46c613a19fd795763ea8a88c36ba997dd99d9bc66e6794ee36e8", size = 27848311, upload-time = "2026-07-10T08:26:41.429Z" },
    { url = "https://files.pythonhosted.org/packages/73/44/fdd3a4377807b7dcabe2d4b5aa99dbbc98e2e5df3f1ca4e7f0aec492d987/pyarrow-25.0.0-cp312-cp312-macosx_12_0_arm64.whl", hash = "sha256:149730a3d1f0fb59d663a0b8aa210adfd9c17c27cd94a0d143e60daea8320d4e", size = 35850884, upload-time = "2026-07-10T08:26:47.357Z" },
    { url = "https://files.pythonhosted.org/packages/bf/71/9f053177a7709b8c90abb00a2375b916286f9f0d6cfb21a5cadd4ef811e8/pyarrow-25.0.0-cp312-cp312-macosx_12_0_x86_64.whl", hash = "sha256:0721332c30fdd453fdd1fc203b2ac1f4c9db5aea28fa38d41f2574c4b068b9ec", size = 37616197, upload-time = "2026-07-10T08:26:53.564Z" },
    { url = "https://files.pythonhosted.org/packages/95/1a/22bfb6597dcdc861fa83c39c06e1457cb56f698940eff42fbb25de30e8e5/pyarrow-25.0.0-cp312-cp312-manylinux_2_28_aarch64.whl", hash = "sha256:fa1482b3da10cac2d4db6e26b81da543e237616af2ef6d466018b31ca586496f", size = 46841966, upload-time = "2026-07-10T08:27:07.685Z" },
    { url = "https://files.pythonhosted.org/packages/55/0e/cd705c042bc4fe7022478db577fcab4abdcfabb9bc37ab7a75556b3fcb2b/pyarrow-25.0.0-cp312-cp312-manylinux_2_28_x86_64.whl", hash = "sha256:5d1dbf24e151042f2fa3c129563f65d66674128868496fb008c4272b16bdf778", size = 50088993, upload-time = "2026-07-10T08:27:14.268Z" },
    { url = "https://files.pythonhosted.org/packages/98/ee/d822e1ee31fe31ec5d057210e0605c950b975dcd8d9a332976cc859a9df8/pyarrow-25.0.0-cp312-cp312-musllinux_1_2_aarch64.whl", hash = "sha256:20887a762dd61dcc530f93a140840ab1f6aa7836b33270e42d627ab3cf11e537", size = 49941005, upload-time = "2026-07-10T08:27:21.274Z" },
    { url = "https://files.pythonhosted.org/packages/33/1b/207a90cc64619a095eb75a263ae069735f2810056d43c667befd573ec083/pyarrow-25.0.0-cp312-cp312-musllinux_1_2_x86_64.whl", hash = "sha256:58d1ab556b0cea1c93fdb799b24ad58adb2f2a2788dbce782a94f64ae1a5cc9b", size = 53112355, upload-time = "2026-07-10T08:27:27.911Z" },
    { url = "https://files.pythonhosted.org/packages/7e/fe/81d1e5f8beed15c01e98649d5c6e2167b67fd395884a2488f18bf1cf0dba/pyarrow-25.0.0-cp312-cp312-win_amd64.whl", hash = "sha256:3f356afe61186395c861d5cd63dc21ff7d5fa335012a4668d979257df7fea0f5", size = 27945954, upload-time = "2026-07-10T08:27:32.903Z" },
    { url = "https://files.pythonhosted.org/packages/6c/c8/098ce17d778fd9d29e40bb8c5f19a40cc90c3f0b46c9057b0d7993f42f54/pyarrow-25.0.0-cp313-cp313-macosx_12_0_arm64.whl", hash = "sha256:8831a3ba52fa7cdb78d368d968b1dcd06171e6dff5461e16d90de91d371e47bc", size = 35844549, upload-time = "2026-07-10T08:27:37.956Z" },
    { url = "https://files.pythonhosted.org/packages/bc/66/24c28877219abf6263d909b1592c97ff82c59f13a59acbed11fc87c0654f/pyarrow-25.0.0-cp313-cp313-macosx_12_0_x86_64.whl", hash = "sha256:5f4bacb60f91dd2fca6c52f1b9a0012cd090e0294f1f781dc1881a247a352f8e", size = 37610397, upload-time = "2026-07-10T08:27:43.803Z" },
    { url = "https://files.pythonhosted.org/packages/53/55/6d1d5f5aff317ec5de9421594679ed51ed828fe7e2ce209327f819d801e4/pyarrow-25.0.0-cp313-cp313-manylinux_2_28_aarch64.whl", hash = "sha256:59516c822d5fd8e544aaa0dfe72f36fed5d4c24ea8390aab1bcd31d7e959c6be", size = 46841701, upload-time = "2026-07-10T08:27:49.741Z" },
    { url = "https://files.pythonhosted.org/packages/b5/5d/f790fb6965ab54c9da0dda7856abc75fd0d7648d865f8d603c111d203a64/pyarrow-25.0.0-cp313-cp313-manylinux_2_28_x86_64.whl", hash = "sha256:6f9dbd83e91c239a1f5ee7ce13f108b5f6c0efbe40a4375260d8f08b43ad05e9", size = 50090118, upload-time = "2026-07-10T08:27:56.051Z" },
    { url = "https://files.pythonhosted.org/packages/0c/8c/faf025357ebf31bc96777f234277aa31e2aeca6dd4ecaa391f29085473c2/pyarrow-25.0.0-cp313-cp313-musllinux_1_2_aarch64.whl", hash = "sha256:18dcc8cc50b5e72eae6fcbfc6c8776c21a007176b27a3cdec5c2f5bcf126708d", size = 49945559, upload-time = "2026-07-10T08:28:01.927Z" },
    { url = "https://files.pythonhosted.org/packages/07/a1/bd051871708ea99a5e0fc711926c26c6f2c6d0130c7aaac8093e34998af6/pyarrow-25.0.0-cp313-cp313-musllinux_1_2_x86_64.whl", hash = "sha256:4ec1895a87aa834c3b99b7a1e758747eb8bb57f922b32c0e0fa04afb8d6998b1", size = 53114238, upload-time = "2026-07-10T08:28:08.594Z" },
    { url = "https://files.pythonhosted.org/packages/7c/31/737f0c3cffcd6af647849477d1dd68045deac2e3963c3f9f211bedc48540/pyarrow-25.0.0-cp313-cp313-win_amd64.whl", hash = "sha256:77c8d1ae46a44b4006e8db1cc977bbcc6ce4873c92f74137d68e45503b97fb18", size = 27861162, upload-time = "2026-07-10T08:28:12.975Z" },
    { url = "https://files.pythonhosted.org/packages/55/c7/581ccbcdb3d897eb2893328d68db3d52eca373bf2a7e964d0a6276b8e85b/pyarrow-25.0.0-cp314-cp314-macosx_12_0_arm64.whl", hash = "sha256:72132b9a8a0a1840197794d4dea26080069b6b0981c116bc078762dc9691b21b", size = 35878945, upload-time = "2026-07-10T08:28:18.222Z" },
    { url = "https://files.pythonhosted.org/packages/64/d1/ccb01db7329ea0411ef4fbd9b62a04d3268b36777d4e758d5e39b91ddeab/pyarrow-25.0.0-cp314-cp314-macosx_12_0_x86_64.whl", hash = "sha256:e009ef945e498dca2f050ea10d2e9764cb44017254826fc4574fdb8d2530173b", size = 37630854, upload-time = "2026-07-10T08:28:23.452Z" },
    { url = "https://files.pythonhosted.org/packages/af/9f/2d81ba89d1e4198d0cb25fe7529de936830fdaec0db926bb52a1ef7080d4/pyarrow-25.0.0-cp314-cp314-manylinux_2_28_aarch64.whl", hash = "sha256:f57a39dbcb416345401c2e77a4373669b45fd111a1768e6cf267a7a0607ff0ec", size = 46905617, upload-time = "2026-07-10T08:28:29.376Z" },
    { url = "https://files.pythonhosted.org/packages/6a/29/0ed312ec800fb536f93783215126cee4b8977dcfeccba6f0f44df0cc87d7/pyarrow-25.0.0-cp314-cp314-manylinux_2_28_x86_64.whl", hash = "sha256:447df764beb07c544f0178a5f6b70ef44b9ecf382b3cdfad4c2d7867353c3887", size = 50119765, upload-time = "2026-07-10T08:28:35.826Z" },
    { url = "https://files.pythonhosted.org/packages/ca/88/cab5063ba0c4d46a9f6b4b7eb1c9029dc0302d65cd5ab3510c949a386568/pyarrow-25.0.0-cp314-cp314-musllinux_1_2_aarch64.whl", hash = "sha256:ac5dfeee59f9ceb4d45ba76e83b026c38c24334135bb329d8274baa49cec3c62", size = 50027563, upload-time = "2026-07-10T08:28:43.848Z" },
    { url = "https://files.pythonhosted.org/packages/7b/fb/4d24f1b7fe2e042dc4ef315ef75e4e702d8e46fe10c37e63caff00502b03/pyarrow-25.0.0-cp314-cp314-musllinux_1_2_x86_64.whl", hash = "sha256:f0f100dacf2c0f400601664a79d1a907ced4740514bb2b00917341038e2ce76f", size = 53162437, upload-time = "2026-07-10T08:28:52.819Z" },
    { url = "https://files.pythonhosted.org/packages/fa/65/da20806de93ca6ee91e72cb6a9b08b3ac890b46efc8d94a7326c651c4c81/pyarrow-25.0.0-cp314-cp314-win_amd64.whl", hash = "sha256:2e093efbecb5317372f819228fa4b4e6157eee48d3f0a7b0303705ebf81a7104", size = 28613262, upload-time = "2026-07-10T08:29:47.544Z" },
    { url = "https://files.pythonhosted.org/packages/86/9f/c632afb1d3ef4a7814cee236718235f3a47eac46e97eb87df40f550b6b48/pyarrow-25.0.0-cp314-cp314t-macosx_12_0_arm64.whl", hash = "sha256:26be35b80780d2d21f4bae3d568b1666337c3a89722cc1794c956a77017cb24e", size = 36120702, upload-time = "2026-07-10T08:28:59.577Z" },
    { url = "https://files.pythonhosted.org/packages/36/0a/093d53a0e72ad06e45d6443e00651bbc2d21af4211295086cbf4d873d3b9/pyarrow-25.0.0-cp314-cp314t-macosx_12_0_x86_64.whl", hash = "sha256:6f4812bfbf11ca7d8faf59eb8fff8bf4dd25ce3a38b62baa010cc17a0926d1b2", size = 37750674, upload-time = "2026-07-10T08:29:06.916Z" },
    { url = "https://files.pythonhosted.org/packages/8a/18/b37fc31a69cff4bdfb8842683def5612f551b93fff6f44375e4a4a6a5535/pyarrow-25.0.0-cp314-cp314t-manylinux_2_28_aarch64.whl", hash = "sha256:b8af8ceedf0c9c160fd2b63440f2d205b9404db85866c1217bfea601de7cfb50", size = 46912304, upload-time = "2026-07-10T08:29:14.656Z" },
    { url = "https://files.pythonhosted.org/packages/32/35/5cae19ba72493e5598022468b56f6a5571f399f485bf412f157356476caa/pyarrow-25.0.0-cp314-cp314t-manylinux_2_28_x86_64.whl", hash = "sha256:c70a5fd9a82bd1a702fd482bdc62d38dcb672fb2b449b1d7c0d7d1f4be7b7bfe", size = 50073652, upload-time = "2026-07-10T08:29:22.467Z" },
    { url = "https://files.pythonhosted.org/packages/2e/a5/ddd508424bdfd5e6945765e9e2ffc687e2f6115972badc8ecf423076c407/pyarrow-25.0.0-cp314-cp314t-musllinux_1_2_aarch64.whl", hash = "sha256:0490a7f8b38ffe11cc26526b50c65d111cb54ddac3717cec781806793f1244dc", size = 50058654, upload-time = "2026-07-10T08:29:29.689Z" },
    { url = "https://files.pythonhosted.org/packages/5f/a4/324d0db203ff5eebe8694ec2d6ec5a23f9aaa5d02e5b8c692914c518c33c/pyarrow-25.0.0-cp314-cp314t-musllinux_1_2_x86_64.whl", hash = "sha256:e83916bbcf380866b4e14255850b33323ff678dc9758411d0409cdd2523880b0", size = 53140153, upload-time = "2026-07-10T08:29:36.041Z" },
    { url = "https://files.pythonhosted.org/packages/bd/8d/d236e9c82fe315f9128885c8be3ec719f41965a1eb6b6f4b42470904cd41/pyarrow-25.0.0-cp314-cp314t-win_amd64.whl", hash = "sha256:13240f0d3dc5932ccd0bfa90cd76d835680b9d94a7661c635df4b703d40ce849", size = 28743657, upload-time = "2026-07-10T08:29:42.742Z" },
]

[[package]]
name = "pyspark"
version = "4.2.0"
source = { registry = "https://pypi.org/simple" }
dependencies = [
    { name = "py4j" },
]
sdist = { url = "https://files.pythonhosted.org/packages/c3/33/c987434f5d50aa802779a004ca0fd45ee4350caab50554ad7283d5a22b50/pyspark-4.2.0.tar.gz", hash = "sha256:5ad689d53570ee1674193fd4f9bda065f0db3be9363a27d2a3406cc457b70b61", size = 450129423, upload-time = "2026-07-14T22:16:46Z" }

[[package]]
name = "python-dateutil"
version = "2.9.0.post0"
source = { registry = "https://pypi.org/simple" }
dependencies = [
    { name = "six" },
]
sdist = { url = "https://files.pythonhosted.org/packages/66/c0/0c8b6ad9f17a802ee498c46e004a0eb49bc148f2fd230864601a86dcf6db/python-dateutil-2.9.0.post0.tar.gz", hash = "sha256:37dd54208da7e1cd875388217d5e00ebd4179249f90fb72437e91a35459a0ad3", size = 342432, upload-time = "2024-03-01T18:36:20.211Z" }
wheels = [
    { url = "https://files.pythonhosted.org/packages/ec/57/56b9bcc3c9c6a792fcbaf139543cee77261f3651ca9da0c93f5c1221264b/python_dateutil-2.9.0.post0-py2.py3-none-any.whl", hash = "sha256:a8b2bc7bffae282281c8140a97d3aa9c14da0b136dfe83f850eea9a5f7470427", size = 229892, upload-time = "2024-03-01T18:36:18.57Z" },
]

[[package]]
name = "s3transfer"
version = "0.19.1"
source = { registry = "https://pypi.org/simple" }
dependencies = [
    { name = "botocore" },
]
sdist = { url = "https://files.pythonhosted.org/packages/65/da/4bef7ce7bb989b222aa4785a413896dbec53306dfc59c6ce7d16a7ffbd6a/s3transfer-0.19.1.tar.gz", hash = "sha256:d3d6371dc3f1e5c5427b2b457bcf13bcf87bec334c95aed18642eae61f6926f3", size = 165354, upload-time = "2026-07-10T19:32:04.849Z" }
wheels = [
    { url = "https://files.pythonhosted.org/packages/24/23/e84c64ad0e8bc59cd1b2ef98def848deff0ef3456c542afe74d51e9e8c85/s3transfer-0.19.1-py3-none-any.whl", hash = "sha256:d5fd7005ee39307455ad5f310b5ea67f4b1960d7fed5b3671ee50c249de675de", size = 90072, upload-time = "2026-07-10T19:32:03.673Z" },
]

[[package]]
name = "six"
version = "1.17.0"
source = { registry = "https://pypi.org/simple" }
sdist = { url = "https://files.pythonhosted.org/packages/94/e7/b2c673351809dca68a0e064b6af791aa332cf192da575fd474ed7d6f16a2/six-1.17.0.tar.gz", hash = "sha256:ff70335d468e7eb6ec65b95b99d3a2836546063f63acc5171de367e834932a81", size = 34031, upload-time = "2024-12-04T17:35:28.174Z" }
wheels = [
    { url = "https://files.pythonhosted.org/packages/b7/ce/149a00dd41f10bc29e5921b496af8b574d8413afcd5e30dfa0ed46c2cc5e/six-1.17.0-py2.py3-none-any.whl", hash = "sha256:4721f391ed90541fddacab5acf947aa0d3dc7d27b2e1e8eda2be8970586c3274", size = 11050, upload-time = "2024-12-04T17:35:26.475Z" },
]

[[package]]
name = "urllib3"
version = "2.7.0"
source = { registry = "https://pypi.org/simple" }
sdist = { url = "https://files.pythonhosted.org/packages/53/0c/06f8b233b8fd13b9e5ee11424ef85419ba0d8ba0b3138bf360be2ff56953/urllib3-2.7.0.tar.gz", hash = "sha256:231e0ec3b63ceb14667c67be60f2f2c40a518cb38b03af60abc813da26505f4c", size = 433602, upload-time = "2026-05-07T16:13:18.596Z" }
wheels = [
    { url = "https://files.pythonhosted.org/packages/7f/3e/5db95bcf282c52709639744ca2a8b149baccf648e39c8cc87553df9eae0c/urllib3-2.7.0-py3-none-any.whl", hash = "sha256:9fb4c81ebbb1ce9531cce37674bbc6f1360472bc18ca9a553ede278ef7276897", size = 131087, upload-time = "2026-05-07T16:13:17.151Z" },
]
